Project("{FAE04EC0-301F-11D3-BF4B-00C04F79EFBC}") = "Portal.Server", "Server\Portal.Server.csproj", "{A}"
EndProject
Project("{FAE04EC0-301F-11D3-BF4B-00C04F79EFBC}") = "Portal.Client", "Client\Portal.Client.csproj", "{B}"
EndProject
Project("{FAE04EC0-301F-11D3-BF4B-00C04F79EFBC}") = "Portal.Shared", "Shared\Portal.Shared.csproj", "{C}"
EndProject
